// !$*UTF8*$!
{
	archiveVersion = 1;
	classes = {
	};
	objectVersion = 46;
	objects = {

/* Begin PBXBuildFile section */
		5505388113330B8E009BF89E /* AuthenticationView.xib in Resources */ = {isa = PBXBuildFile; fileRef = 5505387E13330B8E009BF89E /* AuthenticationView.xib */; };
		5505388213330B8E009BF89E /* AuthenticationViewController.m in Sources */ = {isa = PBXBuildFile; fileRef = 5505388013330B8E009BF89E /* AuthenticationViewController.m */; };
		550538841333153F009BF89E /* Libraries in Resources */ = {isa = PBXBuildFile; fileRef = 550538831333153F009BF89E /* Libraries */; };
		5505388713331585009BF89E /* URLParser.m in Sources */ = {isa = PBXBuildFile; fileRef = 5505388613331585009BF89E /* URLParser.m */; };
		5505388C13331599009BF89E /* EGOHTTPFormRequest.m in Sources */ = {isa = PBXBuildFile; fileRef = 5505388913331599009BF89E /* EGOHTTPFormRequest.m */; };
		5505388D13331599009BF89E /* EGOHTTPRequest.m in Sources */ = {isa = PBXBuildFile; fileRef = 5505388B13331599009BF89E /* EGOHTTPRequest.m */; };
		550538AC13332B8E009BF89E /* CDataScanner.m in Sources */ = {isa = PBXBuildFile; fileRef = 5505389913332B8D009BF89E /* CDataScanner.m */; };
		550538AD13332B8E009BF89E /* CDataScanner_Extensions.m in Sources */ = {isa = PBXBuildFile; fileRef = 5505389B13332B8D009BF89E /* CDataScanner_Extensions.m */; };
		550538AE13332B8E009BF89E /* NSCharacterSet_Extensions.m in Sources */ = {isa = PBXBuildFile; fileRef = 5505389D13332B8D009BF89E /* NSCharacterSet_Extensions.m */; };
		550538AF13332B8E009BF89E /* NSDictionary_JSONExtensions.m in Sources */ = {isa = PBXBuildFile; fileRef = 5505389F13332B8D009BF89E /* NSDictionary_JSONExtensions.m */; };
		550538B013332B8E009BF89E /* NSScanner_Extensions.m in Sources */ = {isa = PBXBuildFile; fileRef = 550538A113332B8D009BF89E /* NSScanner_Extensions.m */; };
		550538B113332B8E009BF89E /* CJSONDataSerializer.m in Sources */ = {isa = PBXBuildFile; fileRef = 550538A313332B8D009BF89E /* CJSONDataSerializer.m */; };
		550538B213332B8E009BF89E /* CJSONDeserializer.m in Sources */ = {isa = PBXBuildFile; fileRef = 550538A513332B8D009BF89E /* CJSONDeserializer.m */; };
		550538B313332B8E009BF89E /* CJSONScanner.m in Sources */ = {isa = PBXBuildFile; fileRef = 550538A713332B8D009BF89E /* CJSONScanner.m */; };
		550538B413332B8E009BF89E /* CJSONSerializer.m in Sources */ = {isa = PBXBuildFile; fileRef = 550538A913332B8D009BF89E /* CJSONSerializer.m */; };
		550538B513332B8E009BF89E /* CSerializedJSONData.m in Sources */ = {isa = PBXBuildFile; fileRef = 550538AB13332B8D009BF89E /* CSerializedJSONData.m */; };
		55CAF19F1331BDD00063F192 /* UIKit.framework in Frameworks */ = {isa = PBXBuildFile; fileRef = 55CAF19E1331BDD00063F192 /* UIKit.framework */; };
		55CAF1A11331BDD00063F192 /* Foundation.framework in Frameworks */ = {isa = PBXBuildFile; fileRef = 55CAF1A01331BDD00063F192 /* Foundation.framework */; };
		55CAF1A31331BDD00063F192 /* CoreGraphics.framework in Frameworks */ = {isa = PBXBuildFile; fileRef = 55CAF1A21331BDD00063F192 /* CoreGraphics.framework */; };
		55CAF1A91331BDD00063F192 /* InfoPlist.strings in Resources */ = {isa = PBXBuildFile; fileRef = 55CAF1A71331BDD00063F192 /* InfoPlist.strings */; };
		55CAF1AC1331BDD00063F192 /* main.m in Sources */ = {isa = PBXBuildFile; fileRef = 55CAF1AB1331BDD00063F192 /* main.m */; };
		55CAF1AF1331BDD00063F192 /* facebookDemo1AppDelegate.m in Sources */ = {isa = PBXBuildFile; fileRef = 55CAF1AE1331BDD00063F192 /* facebookDemo1AppDelegate.m */; };
		55CAF1B21331BDD00063F192 /* MainWindow.xib in Resources */ = {isa = PBXBuildFile; fileRef = 55CAF1B01331BDD00063F192 /* MainWindow.xib */; };
		55CAF1B51331BDD00063F192 /* facebookDemo1ViewController.m in Sources */ = {isa = PBXBuildFile; fileRef = 55CAF1B41331BDD00063F192 /* facebookDemo1ViewController.m */; };
		55CAF1B81331BDD00063F192 /* facebookDemo1ViewController.xib in Resources */ = {isa = PBXBuildFile; fileRef = 55CAF1B61331BDD00063F192 /* facebookDemo1ViewController.xib */; };
		55CAF1DB1331C30E0063F192 /* Facebook.m in Sources */ = {isa = PBXBuildFile; fileRef = 55CAF1CE1331C30D0063F192 /* Facebook.m */; };
		55CAF1DC1331C30E0063F192 /* FBDialog.bundle in Resources */ = {isa = PBXBuildFile; fileRef = 55CAF1D01331C30D0063F192 /* FBDialog.bundle */; };
		55CAF1DD1331C30E0063F192 /* FBDialog.m in Sources */ = {isa = PBXBuildFile; fileRef = 55CAF1D21331C30D0063F192 /* FBDialog.m */; };
		55CAF1DE1331C30E0063F192 /* FBLoginDialog.m in Sources */ = {isa = PBXBuildFile; fileRef = 55CAF1D41331C30D0063F192 /* FBLoginDialog.m */; };
		55CAF1DF1331C30E0063F192 /* FBRequest.m in Sources */ = {isa = PBXBuildFile; fileRef = 55CAF1D61331C30D0063F192 /* FBRequest.m */; };
		55CAF20A1331C39E0063F192 /* NSObject+SBJSON.m in Sources */ = {isa = PBXBuildFile; fileRef = 55CAF1FF1331C39C0063F192 /* NSObject+SBJSON.m */; };
		55CAF20B1331C39E0063F192 /* NSString+SBJSON.m in Sources */ = {isa = PBXBuildFile; fileRef = 55CAF2011331C39C0063F192 /* NSString+SBJSON.m */; };
		55CAF20C1331C39E0063F192 /* SBJSON.m in Sources */ = {isa = PBXBuildFile; fileRef = 55CAF2031331C39D0063F192 /* SBJSON.m */; };
		55CAF20D1331C39E0063F192 /* SBJsonBase.m in Sources */ = {isa = PBXBuildFile; fileRef = 55CAF2051331C39D0063F192 /* SBJsonBase.m */; };
		55CAF20E1331C39E0063F192 /* SBJsonParser.m in Sources */ = {isa = PBXBuildFile; fileRef = 55CAF2071331C39D0063F192 /* SBJsonParser.m */; };
		55CAF20F1331C39E0063F192 /* SBJsonWriter.m in Sources */ = {isa = PBXBuildFile; fileRef = 55CAF2091331C39D0063F192 /* SBJsonWriter.m */; };
/* End PBXBuildFile section */

/* Begin PBXContainerItemProxy section */
		55CAF1E21331C30E0063F192 /* PBXContainerItemProxy */ = {
			isa = PBXContainerItemProxy;
			containerPortal = 55CAF1CA1331C30D0063F192 /* facebook-ios-sdk.xcodeproj */;
			proxyType = 2;
			remoteGlobalIDString = D2AAC07E0554694100DB518D;
			remoteInfo = "facebook-ios-sdk";
		};
/* End PBXContainerItemProxy section */

/* Begin PBXFileReference section */
		5505387E13330B8E009BF89E /* AuthenticationView.xib */ = {isa = PBXFileReference; fileEncoding = 4; lastKnownFileType = file.xib; path = AuthenticationView.xib; sourceTree = "<group>"; };
		5505387F13330B8E009BF89E /* AuthenticationViewController.h */ = {isa = PBXFileReference; fileEncoding = 4; lastKnownFileType = sourcecode.c.h; path = AuthenticationViewController.h; sourceTree = "<group>"; };
		5505388013330B8E009BF89E /* AuthenticationViewController.m */ = {isa = PBXFileReference; fileEncoding = 4; lastKnownFileType = sourcecode.c.objc; path = AuthenticationViewController.m; sourceTree = "<group>"; };
		550538831333153F009BF89E /* Libraries */ = {isa = PBXFileReference; lastKnownFileType = folder; path = Libraries; sourceTree = "<group>"; };
		5505388513331585009BF89E /* URLParser.h */ = {isa = PBXFileReference; fileEncoding = 4; lastKnownFileType = sourcecode.c.h; name = URLParser.h; path = Libraries/URLParser.h; sourceTree = "<group>"; };
		5505388613331585009BF89E /* URLParser.m */ = {isa = PBXFileReference; fileEncoding = 4; lastKnownFileType = sourcecode.c.objc; name = URLParser.m; path = Libraries/URLParser.m; sourceTree = "<group>"; };
		5505388813331599009BF89E /* EGOHTTPFormRequest.h */ = {isa = PBXFileReference; fileEncoding = 4; lastKnownFileType = sourcecode.c.h; name = EGOHTTPFormRequest.h; path = Libraries/EGOHTTPRequest/EGOHTTPFormRequest.h; sourceTree = "<group>"; };
		5505388913331599009BF89E /* EGOHTTPFormRequest.m */ = {isa = PBXFileReference; fileEncoding = 4; lastKnownFileType = sourcecode.c.objc; name = EGOHTTPFormRequest.m; path = Libraries/EGOHTTPRequest/EGOHTTPFormRequest.m; sourceTree = "<group>"; };
		5505388A13331599009BF89E /* EGOHTTPRequest.h */ = {isa = PBXFileReference; fileEncoding = 4; lastKnownFileType = sourcecode.c.h; name = EGOHTTPRequest.h; path = Libraries/EGOHTTPRequest/EGOHTTPRequest.h; sourceTree = "<group>"; };
		5505388B13331599009BF89E /* EGOHTTPRequest.m */ = {isa = PBXFileReference; fileEncoding = 4; lastKnownFileType = sourcecode.c.objc; name = EGOHTTPRequest.m; path = Libraries/EGOHTTPRequest/EGOHTTPRequest.m; sourceTree = "<group>"; };
		5505389813332B8D009BF89E /* CDataScanner.h */ = {isa = PBXFileReference; fileEncoding = 4; lastKnownFileType = sourcecode.c.h; name = CDataScanner.h; path = Libraries/TouchJSON/CDataScanner.h; sourceTree = "<group>"; };
		5505389913332B8D009BF89E /* CDataScanner.m */ = {isa = PBXFileReference; fileEncoding = 4; lastKnownFileType = sourcecode.c.objc; name = CDataScanner.m; path = Libraries/TouchJSON/CDataScanner.m; sourceTree = "<group>"; };
		5505389A13332B8D009BF89E /* CDataScanner_Extensions.h */ = {isa = PBXFileReference; fileEncoding = 4; lastKnownFileType = sourcecode.c.h; name = CDataScanner_Extensions.h; path = Libraries/TouchJSON/Extensions/CDataScanner_Extensions.h; sourceTree = "<group>"; };
		5505389B13332B8D009BF89E /* CDataScanner_Extensions.m */ = {isa = PBXFileReference; fileEncoding = 4; lastKnownFileType = sourcecode.c.objc; name = CDataScanner_Extensions.m; path = Libraries/TouchJSON/Extensions/CDataScanner_Extensions.m; sourceTree = "<group>"; };
		5505389C13332B8D009BF89E /* NSCharacterSet_Extensions.h */ = {isa = PBXFileReference; fileEncoding = 4; lastKnownFileType = sourcecode.c.h; name = NSCharacterSet_Extensions.h; path = Libraries/TouchJSON/Extensions/NSCharacterSet_Extensions.h; sourceTree = "<group>"; };
		5505389D13332B8D009BF89E /* NSCharacterSet_Extensions.m */ = {isa = PBXFileReference; fileEncoding = 4; lastKnownFileType = sourcecode.c.objc; name = NSCharacterSet_Extensions.m; path = Libraries/TouchJSON/Extensions/NSCharacterSet_Extensions.m; sourceTree = "<group>"; };
		5505389E13332B8D009BF89E /* NSDictionary_JSONExtensions.h */ = {isa = PBXFileReference; fileEncoding = 4; lastKnownFileType = sourcecode.c.h; name = NSDictionary_JSONExtensions.h; path = Libraries/TouchJSON/Extensions/NSDictionary_JSONExtensions.h; sourceTree = "<group>"; };
		5505389F13332B8D009BF89E /* NSDictionary_JSONExtensions.m */ = {isa = PBXFileReference; fileEncoding = 4; lastKnownFileType = sourcecode.c.objc; name = NSDictionary_JSONExtensions.m; path = Libraries/TouchJSON/Extensions/NSDictionary_JSONExtensions.m; sourceTree = "<group>"; };
		550538A013332B8D009BF89E /* NSScanner_Extensions.h */ = {isa = PBXFileReference; fileEncoding = 4; lastKnownFileType = sourcecode.c.h; name = NSScanner_Extensions.h; path = Libraries/TouchJSON/Extensions/NSScanner_Extensions.h; sourceTree = "<group>"; };
		550538A113332B8D009BF89E /* NSScanner_Extensions.m */ = {isa = PBXFileReference; fileEncoding = 4; lastKnownFileType = sourcecode.c.objc; name = NSScanner_Extensions.m; path = Libraries/TouchJSON/Extensions/NSScanner_Extensions.m; sourceTree = "<group>"; };
		550538A213332B8D009BF89E /* CJSONDataSerializer.h */ = {isa = PBXFileReference; fileEncoding = 4; lastKnownFileType = sourcecode.c.h; name = CJSONDataSerializer.h; path = Libraries/TouchJSON/JSON/CJSONDataSerializer.h; sourceTree = "<group>"; };
		550538A313332B8D009BF89E /* CJSONDataSerializer.m */ = {isa = PBXFileReference; fileEncoding = 4; lastKnownFileType = sourcecode.c.objc; name = CJSONDataSerializer.m; path = Libraries/TouchJSON/JSON/CJSONDataSerializer.m; sourceTree = "<group>"; };
		550538A413332B8D009BF89E /* CJSONDeserializer.h */ = {isa = PBXFileReference; fileEncoding = 4; lastKnownFileType = sourcecode.c.h; name = CJSONDeserializer.h; path = Libraries/TouchJSON/JSON/CJSONDeserializer.h; sourceTree = "<group>"; };
		550538A513332B8D009BF89E /* CJSONDeserializer.m */ = {isa = PBXFileReference; fileEncoding = 4; lastKnownFileType = sourcecode.c.objc; name = CJSONDeserializer.m; path = Libraries/TouchJSON/JSON/CJSONDeserializer.m; sourceTree = "<group>"; };
		550538A613332B8D009BF89E /* CJSONScanner.h */ = {isa = PBXFileReference; fileEncoding = 4; lastKnownFileType = sourcecode.c.h; name = CJSONScanner.h; path = Libraries/TouchJSON/JSON/CJSONScanner.h; sourceTree = "<group>"; };
		550538A713332B8D009BF89E /* CJSONScanner.m */ = {isa = PBXFileReference; fileEncoding = 4; lastKnownFileType = sourcecode.c.objc; name = CJSONScanner.m; path = Libraries/TouchJSON/JSON/CJSONScanner.m; sourceTree = "<group>"; };
		550538A813332B8D009BF89E /* CJSONSerializer.h */ = {isa = PBXFileReference; fileEncoding = 4; lastKnownFileType = sourcecode.c.h; name = CJSONSerializer.h; path = Libraries/TouchJSON/JSON/CJSONSerializer.h; sourceTree = "<group>"; };
		550538A913332B8D009BF89E /* CJSONSerializer.m */ = {isa = PBXFileReference; fileEncoding = 4; lastKnownFileType = sourcecode.c.objc; name = CJSONSerializer.m; path = Libraries/TouchJSON/JSON/CJSONSerializer.m; sourceTree = "<group>"; };
		550538AA13332B8D009BF89E /* CSerializedJSONData.h */ = {isa = PBXFileReference; fileEncoding = 4; lastKnownFileType = sourcecode.c.h; name = CSerializedJSONData.h; path = Libraries/TouchJSON/JSON/CSerializedJSONData.h; sourceTree = "<group>"; };
		550538AB13332B8D009BF89E /* CSerializedJSONData.m */ = {isa = PBXFileReference; fileEncoding = 4; lastKnownFileType = sourcecode.c.objc; name = CSerializedJSONData.m; path = Libraries/TouchJSON/JSON/CSerializedJSONData.m; sourceTree = "<group>"; };
		55A3E356133270030001151E /* keys.h */ = {isa = PBXFileReference; fileEncoding = 4; lastKnownFileType = sourcecode.c.h; path = keys.h; sourceTree = "<group>"; };
		55CAF19A1331BDD00063F192 /* facebookDemo1.app */ = {isa = PBXFileReference; explicitFileType = wrapper.application; includeInIndex = 0; path = facebookDemo1.app; sourceTree = BUILT_PRODUCTS_DIR; };
		55CAF19E1331BDD00063F192 /* UIKit.framework */ = {isa = PBXFileReference; lastKnownFileType = wrapper.framework; name = UIKit.framework; path = System/Library/Frameworks/UIKit.framework; sourceTree = SDKROOT; };
		55CAF1A01331BDD00063F192 /* Foundation.framework */ = {isa = PBXFileReference; lastKnownFileType = wrapper.framework; name = Foundation.framework; path = System/Library/Frameworks/Foundation.framework; sourceTree = SDKROOT; };
		55CAF1A21331BDD00063F192 /* CoreGraphics.framework */ = {isa = PBXFileReference; lastKnownFileType = wrapper.framework; name = CoreGraphics.framework; path = System/Library/Frameworks/CoreGraphics.framework; sourceTree = SDKROOT; };
		55CAF1A61331BDD00063F192 /* facebookDemo1-Info.plist */ = {isa = PBXFileReference; lastKnownFileType = text.plist.xml; path = "facebookDemo1-Info.plist"; sourceTree = "<group>"; };
		55CAF1A81331BDD00063F192 /* en */ = {isa = PBXFileReference; lastKnownFileType = text.plist.strings; name = en; path = en.lproj/InfoPlist.strings; sourceTree = "<group>"; };
		55CAF1AA1331BDD00063F192 /* facebookDemo1-Prefix.pch */ = {isa = PBXFileReference; lastKnownFileType = sourcecode.c.h; path = "facebookDemo1-Prefix.pch"; sourceTree = "<group>"; };
		55CAF1AB1331BDD00063F192 /* main.m */ = {isa = PBXFileReference; lastKnownFileType = sourcecode.c.objc; path = main.m; sourceTree = "<group>"; };
		55CAF1AD1331BDD00063F192 /* facebookDemo1AppDelegate.h */ = {isa = PBXFileReference; lastKnownFileType = sourcecode.c.h; path = facebookDemo1AppDelegate.h; sourceTree = "<group>"; };
		55CAF1AE1331BDD00063F192 /* facebookDemo1AppDelegate.m */ = {isa = PBXFileReference; lastKnownFileType = sourcecode.c.objc; path = facebookDemo1AppDelegate.m; sourceTree = "<group>"; };
		55CAF1B11331BDD00063F192 /* en */ = {isa = PBXFileReference; lastKnownFileType = file.xib; name = en; path = en.lproj/MainWindow.xib; sourceTree = "<group>"; };
		55CAF1B31331BDD00063F192 /* facebookDemo1ViewController.h */ = {isa = PBXFileReference; lastKnownFileType = sourcecode.c.h; path = facebookDemo1ViewController.h; sourceTree = "<group>"; };
		55CAF1B41331BDD00063F192 /* facebookDemo1ViewController.m */ = {isa = PBXFileReference; lastKnownFileType = sourcecode.c.objc; path = facebookDemo1ViewController.m; sourceTree = "<group>"; };
		55CAF1B71331BDD00063F192 /* en */ = {isa = PBXFileReference; lastKnownFileType = file.xib; name = en; path = en.lproj/facebookDemo1ViewController.xib; sourceTree = "<group>"; };
		55CAF1C91331C30D0063F192 /* facebook_ios_sdk_Prefix.pch */ = {isa = PBXFileReference; fileEncoding = 4; lastKnownFileType = sourcecode.c.h; path = facebook_ios_sdk_Prefix.pch; sourceTree = "<group>"; };
		55CAF1CA1331C30D0063F192 /* facebook-ios-sdk.xcodeproj */ = {isa = PBXFileReference; lastKnownFileType = "wrapper.pb-project"; path = "facebook-ios-sdk.xcodeproj"; sourceTree = "<group>"; };
		55CAF1CD1331C30D0063F192 /* Facebook.h */ = {isa = PBXFileReference; fileEncoding = 4; lastKnownFileType = sourcecode.c.h; path = Facebook.h; sourceTree = "<group>"; };
		55CAF1CE1331C30D0063F192 /* Facebook.m */ = {isa = PBXFileReference; fileEncoding = 4; lastKnownFileType = sourcecode.c.objc; path = Facebook.m; sourceTree = "<group>"; };
		55CAF1CF1331C30D0063F192 /* FBConnect.h */ = {isa = PBXFileReference; fileEncoding = 4; lastKnownFileType = sourcecode.c.h; path = FBConnect.h; sourceTree = "<group>"; };
		55CAF1D01331C30D0063F192 /* FBDialog.bundle */ = {isa = PBXFileReference; lastKnownFileType = "wrapper.plug-in"; path = FBDialog.bundle; sourceTree = "<group>"; };
		55CAF1D11331C30D0063F192 /* FBDialog.h */ = {isa = PBXFileReference; fileEncoding = 4; lastKnownFileType = sourcecode.c.h; path = FBDialog.h; sourceTree = "<group>"; };
		55CAF1D21331C30D0063F192 /* FBDialog.m */ = {isa = PBXFileReference; fileEncoding = 4; lastKnownFileType = sourcecode.c.objc; path = FBDialog.m; sourceTree = "<group>"; };
		55CAF1D31331C30D0063F192 /* FBLoginDialog.h */ = {isa = PBXFileReference; fileEncoding = 4; lastKnownFileType = sourcecode.c.h; path = FBLoginDialog.h; sourceTree = "<group>"; };
		55CAF1D41331C30D0063F192 /* FBLoginDialog.m */ = {isa = PBXFileReference; fileEncoding = 4; lastKnownFileType = sourcecode.c.objc; path = FBLoginDialog.m; sourceTree = "<group>"; };
		55CAF1D51331C30D0063F192 /* FBRequest.h */ = {isa = PBXFileReference; fileEncoding = 4; lastKnownFileType = sourcecode.c.h; path = FBRequest.h; sourceTree = "<group>"; };
		55CAF1D61331C30D0063F192 /* FBRequest.m */ = {isa = PBXFileReference; fileEncoding = 4; lastKnownFileType = sourcecode.c.objc; path = FBRequest.m; sourceTree = "<group>"; };
		55CAF1FD1331C39C0063F192 /* JSON.h */ = {isa = PBXFileReference; fileEncoding = 4; lastKnownFileType = sourcecode.c.h; path = JSON.h; sourceTree = "<group>"; };
		55CAF1FE1331C39C0063F192 /* NSObject+SBJSON.h */ = {isa = PBXFileReference; fileEncoding = 4; lastKnownFileType = sourcecode.c.h; path = "NSObject+SBJSON.h"; sourceTree = "<group>"; };
		55CAF1FF1331C39C0063F192 /* NSObject+SBJSON.m */ = {isa = PBXFileReference; fileEncoding = 4; lastKnownFileType = sourcecode.c.objc; path = "NSObject+SBJSON.m"; sourceTree = "<group>"; };
		55CAF2001331C39C0063F192 /* NSString+SBJSON.h */ = {isa = PBXFileReference; fileEncoding = 4; lastKnownFileType = sourcecode.c.h; path = "NSString+SBJSON.h"; sourceTree = "<group>"; };
		55CAF2011331C39C0063F192 /* NSString+SBJSON.m */ = {isa = PBXFileReference; fileEncoding = 4; lastKnownFileType = sourcecode.c.objc; path = "NSString+SBJSON.m"; sourceTree = "<group>"; };
		55CAF2021331C39C0063F192 /* SBJSON.h */ = {isa = PBXFileReference; fileEncoding = 4; lastKnownFileType = sourcecode.c.h; path = SBJSON.h; sourceTree = "<group>"; };
		55CAF2031331C39D0063F192 /* SBJSON.m */ = {isa = PBXFileReference; fileEncoding = 4; lastKnownFileType = sourcecode.c.objc; path = SBJSON.m; sourceTree = "<group>"; };
		55CAF2041331C39D0063F192 /* SBJsonBase.h */ = {isa = PBXFileReference; fileEncoding = 4; lastKnownFileType = sourcecode.c.h; path = SBJsonBase.h; sourceTree = "<group>"; };
		55CAF2051331C39D0063F192 /* SBJsonBase.m */ = {isa = PBXFileReference; fileEncoding = 4; lastKnownFileType = sourcecode.c.objc; path = SBJsonBase.m; sourceTree = "<group>"; };
		55CAF2061331C39D0063F192 /* SBJsonParser.h */ = {isa = PBXFileReference; fileEncoding = 4; lastKnownFileType = sourcecode.c.h; path = SBJsonParser.h; sourceTree = "<group>"; };
		55CAF2071331C39D0063F192 /* SBJsonParser.m */ = {isa = PBXFileReference; fileEncoding = 4; lastKnownFileType = sourcecode.c.objc; path = SBJsonParser.m; sourceTree = "<group>"; };
		55CAF2081331C39D0063F192 /* SBJsonWriter.h */ = {isa = PBXFileReference; fileEncoding = 4; lastKnownFileType = sourcecode.c.h; path = SBJsonWriter.h; sourceTree = "<group>"; };
		55CAF2091331C39D0063F192 /* SBJsonWriter.m */ = {isa = PBXFileReference; fileEncoding = 4; lastKnownFileType = sourcecode.c.objc; path = SBJsonWriter.m; sourceTree = "<group>"; };
/* End PBXFileReference section */

/* Begin PBXFrameworksBuildPhase section */
		55CAF1971331BDD00063F192 /* Frameworks */ = {
			isa = PBXFrameworksBuildPhase;
			buildActionMask = 2147483647;
			files = (
				55CAF19F1331BDD00063F192 /* UIKit.framework in Frameworks */,
				55CAF1A11331BDD00063F192 /* Foundation.framework in Frameworks */,
				55CAF1A31331BDD00063F192 /* CoreGraphics.framework in Frameworks */,
			);
			runOnlyForDeploymentPostprocessing = 0;
		};
/* End PBXFrameworksBuildPhase section */

/* Begin PBXGroup section */
		55CAF18F1331BDCF0063F192 = {
			isa = PBXGroup;
			children = (
				55CAF1A41331BDD00063F192 /* facebookDemo1 */,
				55CAF19D1331BDD00063F192 /* Frameworks */,
				55CAF19B1331BDD00063F192 /* Products */,
			);
			sourceTree = "<group>";
		};
		55CAF19B1331BDD00063F192 /* Products */ = {
			isa = PBXGroup;
			children = (
				55CAF19A1331BDD00063F192 /* facebookDemo1.app */,
			);
			name = Products;
			sourceTree = "<group>";
		};
		55CAF19D1331BDD00063F192 /* Frameworks */ = {
			isa = PBXGroup;
			children = (
				55CAF19E1331BDD00063F192 /* UIKit.framework */,
				55CAF1A01331BDD00063F192 /* Foundation.framework */,
				55CAF1A21331BDD00063F192 /* CoreGraphics.framework */,
			);
			name = Frameworks;
			sourceTree = "<group>";
		};
		55CAF1A41331BDD00063F192 /* facebookDemo1 */ = {
			isa = PBXGroup;
			children = (
				550538831333153F009BF89E /* Libraries */,
				5505387E13330B8E009BF89E /* AuthenticationView.xib */,
				5505387F13330B8E009BF89E /* AuthenticationViewController.h */,
				5505388013330B8E009BF89E /* AuthenticationViewController.m */,
				5505388513331585009BF89E /* URLParser.h */,
				5505388613331585009BF89E /* URLParser.m */,
				5505389813332B8D009BF89E /* CDataScanner.h */,
				5505389913332B8D009BF89E /* CDataScanner.m */,
				5505389A13332B8D009BF89E /* CDataScanner_Extensions.h */,
				5505389B13332B8D009BF89E /* CDataScanner_Extensions.m */,
				5505389C13332B8D009BF89E /* NSCharacterSet_Extensions.h */,
				5505389D13332B8D009BF89E /* NSCharacterSet_Extensions.m */,
				5505389E13332B8D009BF89E /* NSDictionary_JSONExtensions.h */,
				5505389F13332B8D009BF89E /* NSDictionary_JSONExtensions.m */,
				550538A013332B8D009BF89E /* NSScanner_Extensions.h */,
				550538A113332B8D009BF89E /* NSScanner_Extensions.m */,
				550538A213332B8D009BF89E /* CJSONDataSerializer.h */,
				550538A313332B8D009BF89E /* CJSONDataSerializer.m */,
				550538A413332B8D009BF89E /* CJSONDeserializer.h */,
				550538A513332B8D009BF89E /* CJSONDeserializer.m */,
				550538A613332B8D009BF89E /* CJSONScanner.h */,
				550538A713332B8D009BF89E /* CJSONScanner.m */,
				550538A813332B8D009BF89E /* CJSONSerializer.h */,
				550538A913332B8D009BF89E /* CJSONSerializer.m */,
				550538AA13332B8D009BF89E /* CSerializedJSONData.h */,
				550538AB13332B8D009BF89E /* CSerializedJSONData.m */,
				5505388813331599009BF89E /* EGOHTTPFormRequest.h */,
				5505388913331599009BF89E /* EGOHTTPFormRequest.m */,
				5505388A13331599009BF89E /* EGOHTTPRequest.h */,
				5505388B13331599009BF89E /* EGOHTTPRequest.m */,
				55CAF1AD1331BDD00063F192 /* facebookDemo1AppDelegate.h */,
				55CAF1AE1331BDD00063F192 /* facebookDemo1AppDelegate.m */,
				55CAF1B01331BDD00063F192 /* MainWindow.xib */,
				55CAF1B31331BDD00063F192 /* facebookDemo1ViewController.h */,
				55CAF1B41331BDD00063F192 /* facebookDemo1ViewController.m */,
				55CAF1B61331BDD00063F192 /* facebookDemo1ViewController.xib */,
				55CAF1A51331BDD00063F192 /* Supporting Files */,
				55A3E356133270030001151E /* keys.h */,
			);
			path = facebookDemo1;
			sourceTree = "<group>";
		};
		55CAF1A51331BDD00063F192 /* Supporting Files */ = {
			isa = PBXGroup;
			children = (
				55CAF1FD1331C39C0063F192 /* JSON.h */,
				55CAF1FE1331C39C0063F192 /* NSObject+SBJSON.h */,
				55CAF1FF1331C39C0063F192 /* NSObject+SBJSON.m */,
				55CAF2001331C39C0063F192 /* NSString+SBJSON.h */,
				55CAF2011331C39C0063F192 /* NSString+SBJSON.m */,
				55CAF2021331C39C0063F192 /* SBJSON.h */,
				55CAF2031331C39D0063F192 /* SBJSON.m */,
				55CAF2041331C39D0063F192 /* SBJsonBase.h */,
				55CAF2051331C39D0063F192 /* SBJsonBase.m */,
				55CAF2061331C39D0063F192 /* SBJsonParser.h */,
				55CAF2071331C39D0063F192 /* SBJsonParser.m */,
				55CAF2081331C39D0063F192 /* SBJsonWriter.h */,
				55CAF2091331C39D0063F192 /* SBJsonWriter.m */,
				55CAF1C91331C30D0063F192 /* facebook_ios_sdk_Prefix.pch */,
				55CAF1CA1331C30D0063F192 /* facebook-ios-sdk.xcodeproj */,
				55CAF1CD1331C30D0063F192 /* Facebook.h */,
				55CAF1CE1331C30D0063F192 /* Facebook.m */,
				55CAF1CF1331C30D0063F192 /* FBConnect.h */,
				55CAF1D01331C30D0063F192 /* FBDialog.bundle */,
				55CAF1D11331C30D0063F192 /* FBDialog.h */,
				55CAF1D21331C30D0063F192 /* FBDialog.m */,
				55CAF1D31331C30D0063F192 /* FBLoginDialog.h */,
				55CAF1D41331C30D0063F192 /* FBLoginDialog.m */,
				55CAF1D51331C30D0063F192 /* FBRequest.h */,
				55CAF1D61331C30D0063F192 /* FBRequest.m */,
				55CAF1A61331BDD00063F192 /* facebookDemo1-Info.plist */,
				55CAF1A71331BDD00063F192 /* InfoPlist.strings */,
				55CAF1AA1331BDD00063F192 /* facebookDemo1-Prefix.pch */,
				55CAF1AB1331BDD00063F192 /* main.m */,
			);
			name = "Supporting Files";
			sourceTree = "<group>";
		};
		55CAF1CB1331C30D0063F192 /* Products */ = {
			isa = PBXGroup;
			children = (
				55CAF1E31331C30E0063F192 /* libfacebook_ios_sdk.a */,
			);
			name = Products;
			sourceTree = "<group>";
		};
/* End PBXGroup section */

/* Begin PBXNativeTarget section */
		55CAF1991331BDD00063F192 /* facebookDemo1 */ = {
			isa = PBXNativeTarget;
			buildConfigurationList = 55CAF1BB1331BDD00063F192 /* Build configuration list for PBXNativeTarget "facebookDemo1" */;
			buildPhases = (
				55CAF1961331BDD00063F192 /* Sources */,
				55CAF1971331BDD00063F192 /* Frameworks */,
				55CAF1981331BDD00063F192 /* Resources */,
			);
			buildRules = (
			);
			dependencies = (
			);
			name = facebookDemo1;
			productName = facebookDemo1;
			productReference = 55CAF19A1331BDD00063F192 /* facebookDemo1.app */;
			productType = "com.apple.product-type.application";
		};
/* End PBXNativeTarget section */

/* Begin PBXProject section */
		55CAF1911331BDCF0063F192 /* Project object */ = {
			isa = PBXProject;
			buildConfigurationList = 55CAF1941331BDCF0063F192 /* Build configuration list for PBXProject "facebookDemo1" */;
			compatibilityVersion = "Xcode 3.2";
			developmentRegion = English;
			hasScannedForEncodings = 0;
			knownRegions = (
				en,
			);
			mainGroup = 55CAF18F1331BDCF0063F192;
			productRefGroup = 55CAF19B1331BDD00063F192 /* Products */;
			projectDirPath = "";
			projectReferences = (
				{
					ProductGroup = 55CAF1CB1331C30D0063F192 /* Products */;
					ProjectRef = 55CAF1CA1331C30D0063F192 /* facebook-ios-sdk.xcodeproj */;
				},
			);
			projectRoot = "";
			targets = (
				55CAF1991331BDD00063F192 /* facebookDemo1 */,
			);
		};
/* End PBXProject section */

/* Begin PBXReferenceProxy section */
		55CAF1E31331C30E0063F192 /* libfacebook_ios_sdk.a */ = {
			isa = PBXReferenceProxy;
			fileType = archive.ar;
			path = libfacebook_ios_sdk.a;
			remoteRef = 55CAF1E21331C30E0063F192 /* PBXContainerItemProxy */;
			sourceTree = BUILT_PRODUCTS_DIR;
		};
/* End PBXReferenceProxy section */

/* Begin PBXResourcesBuildPhase section */
		55CAF1981331BDD00063F192 /* Resources */ = {
			isa = PBXResourcesBuildPhase;
			buildActionMask = 2147483647;
			files = (
				55CAF1A91331BDD00063F192 /* InfoPlist.strings in Resources */,
				55CAF1B21331BDD00063F192 /* MainWindow.xib in Resources */,
				55CAF1B81331BDD00063F192 /* facebookDemo1ViewController.xib in Resources */,
				55CAF1DC1331C30E0063F192 /* FBDialog.bundle in Resources */,
				5505388113330B8E009BF89E /* AuthenticationView.xib in Resources */,
				550538841333153F009BF89E /* Libraries in Resources */,
			);
			runOnlyForDeploymentPostprocessing = 0;
		};
/* End PBXResourcesBuildPhase section */

/* Begin PBXSourcesBuildPhase section */
		55CAF1961331BDD00063F192 /* Sources */ = {
			isa = PBXSourcesBuildPhase;
			buildActionMask = 2147483647;
			files = (
				55CAF1AC1331BDD00063F192 /* main.m in Sources */,
				55CAF1AF1331BDD00063F192 /* facebookDemo1AppDelegate.m in Sources */,
				55CAF1B51331BDD00063F192 /* facebookDemo1ViewController.m in Sources */,
				55CAF1DB1331C30E0063F192 /* Facebook.m in Sources */,
				55CAF1DD1331C30E0063F192 /* FBDialog.m in Sources */,
				55CAF1DE1331C30E0063F192 /* FBLoginDialog.m in Sources */,
				55CAF1DF1331C30E0063F192 /* FBRequest.m in Sources */,
				55CAF20A1331C39E0063F192 /* NSObject+SBJSON.m in Sources */,
				55CAF20B1331C39E0063F192 /* NSString+SBJSON.m in Sources */,
				55CAF20C1331C39E0063F192 /* SBJSON.m in Sources */,
				55CAF20D1331C39E0063F192 /* SBJsonBase.m in Sources */,
				55CAF20E1331C39E0063F192 /* SBJsonParser.m in Sources */,
				55CAF20F1331C39E0063F192 /* SBJsonWriter.m in Sources */,
				5505388213330B8E009BF89E /* AuthenticationViewController.m in Sources */,
				5505388713331585009BF89E /* URLParser.m in Sources */,
				5505388C13331599009BF89E /* EGOHTTPFormRequest.m in Sources */,
				5505388D13331599009BF89E /* EGOHTTPRequest.m in Sources */,
				550538AC13332B8E009BF89E /* CDataScanner.m in Sources */,
				550538AD13332B8E009BF89E /* CDataScanner_Extensions.m in Sources */,
				550538AE13332B8E009BF89E /* NSCharacterSet_Extensions.m in Sources */,
				550538AF13332B8E009BF89E /* NSDictionary_JSONExtensions.m in Sources */,
				550538B013332B8E009BF89E /* NSScanner_Extensions.m in Sources */,
				550538B113332B8E009BF89E /* CJSONDataSerializer.m in Sources */,
				550538B213332B8E009BF89E /* CJSONDeserializer.m in Sources */,
				550538B313332B8E009BF89E /* CJSONScanner.m in Sources */,
				550538B413332B8E009BF89E /* CJSONSerializer.m in Sources */,
				550538B513332B8E009BF89E /* CSerializedJSONData.m in Sources */,
			);
			runOnlyForDeploymentPostprocessing = 0;
		};
/* End PBXSourcesBuildPhase section */

/* Begin PBXVariantGroup section */
		55CAF1A71331BDD00063F192 /* InfoPlist.strings */ = {
			isa = PBXVariantGroup;
			children = (
				55CAF1A81331BDD00063F192 /* en */,
			);
			name = InfoPlist.strings;
			sourceTree = "<group>";
		};
		55CAF1B01331BDD00063F192 /* MainWindow.xib */ = {
			isa = PBXVariantGroup;
			children = (
				55CAF1B11331BDD00063F192 /* en */,
			);
			name = MainWindow.xib;
			sourceTree = "<group>";
		};
		55CAF1B61331BDD00063F192 /* facebookDemo1ViewController.xib */ = {
			isa = PBXVariantGroup;
			children = (
				55CAF1B71331BDD00063F192 /* en */,
			);
			name = facebookDemo1ViewController.xib;
			sourceTree = "<group>";
		};
/* End PBXVariantGroup section */

/* Begin XCBuildConfiguration section */
		55CAF1B91331BDD00063F192 /* Debug */ = {
			isa = XCBuildConfiguration;
			buildSettings = {
				ARCHS = "$(ARCHS_STANDARD_32_BIT)";
				"CODE_SIGN_IDENTITY[sdk=iphoneos*]" = "iPhone Developer";
				GCC_C_LANGUAGE_STANDARD = gnu99;
				GCC_OPTIMIZATION_LEVEL = 0;
				GCC_PREPROCESSOR_DEFINITIONS = DEBUG;
				GCC_SYMBOLS_PRIVATE_EXTERN = NO;
				GCC_VERSION = com.apple.compilers.llvmgcc42;
				GCC_WARN_ABOUT_RETURN_TYPE = YES;
				GCC_WARN_UNUSED_VARIABLE = YES;
				IPHONEOS_DEPLOYMENT_TARGET = 4.3;
				SDKROOT = iphoneos;
			};
			name = Debug;
		};
		55CAF1BA1331BDD00063F192 /* Release */ = {
			isa = XCBuildConfiguration;
			buildSettings = {
				ARCHS = "$(ARCHS_STANDARD_32_BIT)";
				"CODE_SIGN_IDENTITY[sdk=iphoneos*]" = "iPhone Developer";
				GCC_C_LANGUAGE_STANDARD = gnu99;
				GCC_VERSION = com.apple.compilers.llvmgcc42;
				GCC_WARN_ABOUT_RETURN_TYPE = YES;
				GCC_WARN_UNUSED_VARIABLE = YES;
				IPHONEOS_DEPLOYMENT_TARGET = 4.3;
				OTHER_CFLAGS = "-DNS_BLOCK_ASSERTIONS=1";
				SDKROOT = iphoneos;
			};
			name = Release;
		};
		55CAF1BC1331BDD00063F192 /* Debug */ = {
			isa = XCBuildConfiguration;
			buildSettings = {
				ALWAYS_SEARCH_USER_PATHS = NO;
				COPY_PHASE_STRIP = NO;
				FRAMEWORK_SEARCH_PATHS = (
					"$(inherited)",
					"\"$(SRCROOT)\"",
				);
				GCC_DYNAMIC_NO_PIC = NO;
				GCC_PRECOMPILE_PREFIX_HEADER = YES;
				GCC_PREFIX_HEADER = "facebookDemo1/facebookDemo1-Prefix.pch";
				INFOPLIST_FILE = "facebookDemo1/facebookDemo1-Info.plist";
				PRODUCT_NAME = "$(TARGET_NAME)";
				WRAPPER_EXTENSION = app;
			};
			name = Debug;
		};
		55CAF1BD1331BDD00063F192 /* Release */ = {
			isa = XCBuildConfiguration;
			buildSettings = {
				ALWAYS_SEARCH_USER_PATHS = NO;
				COPY_PHASE_STRIP = YES;
				FRAMEWORK_SEARCH_PATHS = (
					"$(inherited)",
					"\"$(SRCROOT)\"",
				);
				GCC_PRECOMPILE_PREFIX_HEADER = YES;
				GCC_PREFIX_HEADER = "facebookDemo1/facebookDemo1-Prefix.pch";
				INFOPLIST_FILE = "facebookDemo1/facebookDemo1-Info.plist";
				PRODUCT_NAME = "$(TARGET_NAME)";
				VALIDATE_PRODUCT = YES;
				WRAPPER_EXTENSION = app;
			};
			name = Release;
		};
/* End XCBuildConfiguration section */

/* Begin XCConfigurationList section */
		55CAF1941331BDCF0063F192 /* Build configuration list for PBXProject "facebookDemo1" */ = {
			isa = XCConfigurationList;
			buildConfigurations = (
				55CAF1B91331BDD00063F192 /* Debug */,
				55CAF1BA1331BDD00063F192 /* Release */,
			);
			defaultConfigurationIsVisible = 0;
			defaultConfigurationName = Release;
		};
		55CAF1BB1331BDD00063F192 /* Build configuration list for PBXNativeTarget "facebookDemo1" */ = {
			isa = XCConfigurationList;
			buildConfigurations = (
				55CAF1BC1331BDD00063F192 /* Debug */,
				55CAF1BD1331BDD00063F192 /* Release */,
			);
			defaultConfigurationIsVisible = 0;
			defaultConfigurationName = Release;
		};
/* End XCConfigurationList section */
	};
	rootObject = 55CAF1911331BDCF0063F192 /* Project object */;
}
